
Microsoft Visual Studio Solution File, Format Version 12.00
# Visual Studio Version 17
VisualStudioVersion = 17.3.32901.215
MinimumVisualStudioVersion = 10.0.40219.1
Project("{FAE04EC0-301F-11D3-BF4B-00C04F79EFBC}") = "Labb3EF-Final", "Labb3EF-Final\Labb3EF-Final.csproj", "{3D063F0B-9DA7-41F6-92CB-C925CB0AEE8E}"
EndProject
Global
	GlobalSection(SolutionConfigurationPlatforms) = preSolution
		Debug|Any CPU = Debug|Any CPU
		Release|Any CPU = Release|Any CPU
	EndGlobalSection
	GlobalSection(ProjectConfigurationPlatforms) = postSolution
		{3D063F0B-9DA7-41F6-92CB-C925CB0AEE8E}.Debug|Any CPU.ActiveCfg = Debug|Any CPU
		{3D063F0B-9DA7-41F6-92CB-C925CB0AEE8E}.Debug|Any CPU.Build.0 = Debug|Any CPU
		{3D063F0B-9DA7-41F6-92CB-C925CB0AEE8E}.Release|Any CPU.ActiveCfg = Release|Any CPU
		{3D063F0B-9DA7-41F6-92CB-C925CB0AEE8E}.Release|Any CPU.Build.0 = Release|Any CPU
	EndGlobalSection
	GlobalSection(SolutionProperties) = preSolution
		HideSolutionNode = FALSE
	EndGlobalSection
	GlobalSection(ExtensibilityGlobals) = postSolution
		SolutionGuid = {CB48D54E-1E6E-4DB6-8841-72DE4893A10F}
	EndGlobalSection
EndGlobal
